# This file is automatically @generated by Cargo.
# It is not intended for manual editing.
version = 3

[[package]]
name = "tensorcache"
version = "1.0.0"

[[package]]
name = "tensorcache-cli"
version = "1.0.0"
dependencies = [
 "tensorcache",
 "tensorcache-cuda",
]

[[package]]
name = "tensorcache-cuda"
version = "1.0.0"
dependencies = [
 "tensorcache",
]
